
Microsoft Visual Studio Solution File, Format Version 12.00
# Visual Studio Version 18
VisualStudioVersion = 18.3.11310.294 d18.3
MinimumVisualStudioVersion = 10.0.40219.1
Project("{E53339B2-1760-4266-BCC7-CA923CBCF16C}") = "docker-compose", "docker-compose.dcproj", "{81DDED9D-158B-E303-5F62-77A2896D2A5A}"
EndProject
Project("{2150E333-8FDC-42A3-9474-1A3956D46DE8}") = "Redarbor-API", "Redarbor-API", "{FFA5DE37-A6CA-E843-5DCA-01E17CEED5F2}"
EndProject
Project("{2150E333-8FDC-42A3-9474-1A3956D46DE8}") = "Api", "Api", "{51DDA6A6-E63D-7355-1CE9-2E709269803E}"
EndProject
Project("{FAE04EC0-301F-11D3-BF4B-00C04F79EFBC}") = "Redarbor.API", "Redarbor.API\Redarbor.API.csproj", "{9B53BC2F-9CBC-E6BB-0D1E-0720ED17518E}"
EndProject
Project("{2150E333-8FDC-42A3-9474-1A3956D46DE8}") = "Core", "Core", "{62D74B56-F69E-C8ED-4B8B-EFFB4314081A}"
EndProject
Project("{2150E333-8FDC-42A3-9474-1A3956D46DE8}") = "Application", "Application", "{A93D14BE-90E0-36B2-308F-8E21D586BED4}"
EndProject
Project("{FAE04EC0-301F-11D3-BF4B-00C04F79EFBC}") = "Redarbor.Application", "Core\Application\Redarbor.Application\Redarbor.Application.csproj", "{E508C180-A6D8-4111-A94A-EC7C77FD01E8}"
EndProject
Project("{FAE04EC0-301F-11D3-BF4B-00C04F79EFBC}") = "Redarbor.Application.Commands", "Redarbor.Application.Commands\Redarbor.Application.Commands.csproj", "{14AB68A7-0E7F-4ACF-B7C1-C2603DE536B5}"
EndProject
Project("{FAE04EC0-301F-11D3-BF4B-00C04F79EFBC}") = "Redarbor.Application.Queries", "Redarbor.Application.Queries\Redarbor.Application.Queries.csproj", "{11695EB5-8CDA-4F12-A0C6-9038C0F76D8B}"
EndProject
Project("{FAE04EC0-301F-11D3-BF4B-00C04F79EFBC}") = "Redarbor.Application.Shared", "Redarbor.Application.Shared\Redarbor.Application.Shared.csproj", "{8C54C25E-C2E0-4DA5-BAB0-FF82CF76A223}"
EndProject
Project("{2150E333-8FDC-42A3-9474-1A3956D46DE8}") = "Domain", "Domain", "{1AC95AD8-A97A-F8B5-DCE5-41F67DDD9C49}"
EndProject
Project("{FAE04EC0-301F-11D3-BF4B-00C04F79EFBC}") = "Redarbor.Domain.Shared", "Redarbor.Domain.Shared\Redarbor.Domain.Shared.csproj", "{48F8A764-FEAA-44C8-8F0B-81656634C113}"
EndProject
Project("{FAE04EC0-301F-11D3-BF4B-00C04F79EFBC}") = "Redarbor.Domain", "Redarbor.Domain\Redarbor.Domain.csproj", "{AFAB5387-1376-43AF-8DD9-C8FB2C7E937E}"
EndProject
Project("{2150E333-8FDC-42A3-9474-1A3956D46DE8}") = "Infrastructure", "Infrastructure", "{2D44B670-C003-EEE5-B139-1A51ACB5B1FD}"
EndProject
Project("{FAE04EC0-301F-11D3-BF4B-00C04F79EFBC}") = "Redarbor.InfrastructureEF", "Redarbor.InfrastructureEF\Redarbor.InfrastructureEF.csproj", "{D650B5EC-0798-4A2C-9C40-473406AD53D0}"
EndProject
Project("{2150E333-8FDC-42A3-9474-1A3956D46DE8}") = "Test", "Test", "{F597F9C8-AC17-FA6F-7579-EEB8E13C1F63}"
EndProject
Project("{FAE04EC0-301F-11D3-BF4B-00C04F79EFBC}") = "Redarbor.Test.IntegrationTest", "Redarbor.Test.IntegrationTest\Redarbor.Test.IntegrationTest.csproj", "{E80AFEB7-B8D3-4450-8E47-54E254A72581}"
EndProject
Project("{FAE04EC0-301F-11D3-BF4B-00C04F79EFBC}") = "Redarbor.Test.UnitTest", "Redarbor.Test.UnitTest\Redarbor.Test.UnitTest.csproj", "{173F9253-7194-47E0-87E2-7DCB982826D5}"
EndProject
Project("{2150E333-8FDC-42A3-9474-1A3956D46DE8}") = "Redarbor-Core", "Redarbor-Core", "{4A7F4B8D-66A7-486E-649B-9E57CDB43B95}"
EndProject
Project("{2150E333-8FDC-42A3-9474-1A3956D46DE8}") = "Redarbor-Users", "Redarbor-Users", "{00E0B9CB-8781-A010-CE8E-5340ADC04222}"
EndProject
Global
	GlobalSection(SolutionConfigurationPlatforms) = preSolution
		Debug|Any CPU = Debug|Any CPU
		Release|Any CPU = Release|Any CPU
	EndGlobalSection
	GlobalSection(ProjectConfigurationPlatforms) = postSolution
		{81DDED9D-158B-E303-5F62-77A2896D2A5A}.Debug|Any CPU.ActiveCfg = Debug|Any CPU
		{81DDED9D-158B-E303-5F62-77A2896D2A5A}.Debug|Any CPU.Build.0 = Debug|Any CPU
		{81DDED9D-158B-E303-5F62-77A2896D2A5A}.Release|Any CPU.ActiveCfg = Release|Any CPU
		{81DDED9D-158B-E303-5F62-77A2896D2A5A}.Release|Any CPU.Build.0 = Release|Any CPU
		{9B53BC2F-9CBC-E6BB-0D1E-0720ED17518E}.Debug|Any CPU.ActiveCfg = Debug|Any CPU
		{9B53BC2F-9CBC-E6BB-0D1E-0720ED17518E}.Debug|Any CPU.Build.0 = Debug|Any CPU
		{9B53BC2F-9CBC-E6BB-0D1E-0720ED17518E}.Release|Any CPU.ActiveCfg = Release|Any CPU
		{9B53BC2F-9CBC-E6BB-0D1E-0720ED17518E}.Release|Any CPU.Build.0 = Release|Any CPU
		{E508C180-A6D8-4111-A94A-EC7C77FD01E8}.Debug|Any CPU.ActiveCfg = Debug|Any CPU
		{E508C180-A6D8-4111-A94A-EC7C77FD01E8}.Debug|Any CPU.Build.0 = Debug|Any CPU
		{E508C180-A6D8-4111-A94A-EC7C77FD01E8}.Release|Any CPU.ActiveCfg = Release|Any CPU
		{E508C180-A6D8-4111-A94A-EC7C77FD01E8}.Release|Any CPU.Build.0 = Release|Any CPU
		{14AB68A7-0E7F-4ACF-B7C1-C2603DE536B5}.Debug|Any CPU.ActiveCfg = Debug|Any CPU
		{14AB68A7-0E7F-4ACF-B7C1-C2603DE536B5}.Debug|Any CPU.Build.0 = Debug|Any CPU
		{14AB68A7-0E7F-4ACF-B7C1-C2603DE536B5}.Release|Any CPU.ActiveCfg = Release|Any CPU
		{14AB68A7-0E7F-4ACF-B7C1-C2603DE536B5}.Release|Any CPU.Build.0 = Release|Any CPU
		{11695EB5-8CDA-4F12-A0C6-9038C0F76D8B}.Debug|Any CPU.ActiveCfg = Debug|Any CPU
		{11695EB5-8CDA-4F12-A0C6-9038C0F76D8B}.Debug|Any CPU.Build.0 = Debug|Any CPU
		{11695EB5-8CDA-4F12-A0C6-9038C0F76D8B}.Release|Any CPU.ActiveCfg = Release|Any CPU
		{11695EB5-8CDA-4F12-A0C6-9038C0F76D8B}.Release|Any CPU.Build.0 = Release|Any CPU
		{8C54C25E-C2E0-4DA5-BAB0-FF82CF76A223}.Debug|Any CPU.ActiveCfg = Debug|Any CPU
		{8C54C25E-C2E0-4DA5-BAB0-FF82CF76A223}.Debug|Any CPU.Build.0 = Debug|Any CPU
		{8C54C25E-C2E0-4DA5-BAB0-FF82CF76A223}.Release|Any CPU.ActiveCfg = Release|Any CPU
		{8C54C25E-C2E0-4DA5-BAB0-FF82CF76A223}.Release|Any CPU.Build.0 = Release|Any CPU
		{48F8A764-FEAA-44C8-8F0B-81656634C113}.Debug|Any CPU.ActiveCfg = Debug|Any CPU
		{48F8A764-FEAA-44C8-8F0B-81656634C113}.Debug|Any CPU.Build.0 = Debug|Any CPU
		{48F8A764-FEAA-44C8-8F0B-81656634C113}.Release|Any CPU.ActiveCfg = Release|Any CPU
		{48F8A764-FEAA-44C8-8F0B-81656634C113}.Release|Any CPU.Build.0 = Release|Any CPU
		{AFAB5387-1376-43AF-8DD9-C8FB2C7E937E}.Debug|Any CPU.ActiveCfg = Debug|Any CPU
		{AFAB5387-1376-43AF-8DD9-C8FB2C7E937E}.Debug|Any CPU.Build.0 = Debug|Any CPU
		{AFAB5387-1376-43AF-8DD9-C8FB2C7E937E}.Release|Any CPU.ActiveCfg = Release|Any CPU
		{AFAB5387-1376-43AF-8DD9-C8FB2C7E937E}.Release|Any CPU.Build.0 = Release|Any CPU
		{D650B5EC-0798-4A2C-9C40-473406AD53D0}.Debug|Any CPU.ActiveCfg = Debug|Any CPU
		{D650B5EC-0798-4A2C-9C40-473406AD53D0}.Debug|Any CPU.Build.0 = Debug|Any CPU
		{D650B5EC-0798-4A2C-9C40-473406AD53D0}.Release|Any CPU.ActiveCfg = Release|Any CPU
		{D650B5EC-0798-4A2C-9C40-473406AD53D0}.Release|Any CPU.Build.0 = Release|Any CPU
		{E80AFEB7-B8D3-4450-8E47-54E254A72581}.Debug|Any CPU.ActiveCfg = Debug|Any CPU
		{E80AFEB7-B8D3-4450-8E47-54E254A72581}.Debug|Any CPU.Build.0 = Debug|Any CPU
		{E80AFEB7-B8D3-4450-8E47-54E254A72581}.Release|Any CPU.ActiveCfg = Release|Any CPU
		{E80AFEB7-B8D3-4450-8E47-54E254A72581}.Release|Any CPU.Build.0 = Release|Any CPU
		{173F9253-7194-47E0-87E2-7DCB982826D5}.Debug|Any CPU.ActiveCfg = Debug|Any CPU
		{173F9253-7194-47E0-87E2-7DCB982826D5}.Debug|Any CPU.Build.0 = Debug|Any CPU
		{173F9253-7194-47E0-87E2-7DCB982826D5}.Release|Any CPU.ActiveCfg = Release|Any CPU
		{173F9253-7194-47E0-87E2-7DCB982826D5}.Release|Any CPU.Build.0 = Release|Any CPU
	EndGlobalSection
	GlobalSection(SolutionProperties) = preSolution
		HideSolutionNode = FALSE
	EndGlobalSection
	GlobalSection(NestedProjects) = preSolution
		{51DDA6A6-E63D-7355-1CE9-2E709269803E} = {FFA5DE37-A6CA-E843-5DCA-01E17CEED5F2}
		{9B53BC2F-9CBC-E6BB-0D1E-0720ED17518E} = {51DDA6A6-E63D-7355-1CE9-2E709269803E}
		{62D74B56-F69E-C8ED-4B8B-EFFB4314081A} = {FFA5DE37-A6CA-E843-5DCA-01E17CEED5F2}
		{A93D14BE-90E0-36B2-308F-8E21D586BED4} = {62D74B56-F69E-C8ED-4B8B-EFFB4314081A}
		{E508C180-A6D8-4111-A94A-EC7C77FD01E8} = {A93D14BE-90E0-36B2-308F-8E21D586BED4}
		{14AB68A7-0E7F-4ACF-B7C1-C2603DE536B5} = {A93D14BE-90E0-36B2-308F-8E21D586BED4}
		{11695EB5-8CDA-4F12-A0C6-9038C0F76D8B} = {A93D14BE-90E0-36B2-308F-8E21D586BED4}
		{8C54C25E-C2E0-4DA5-BAB0-FF82CF76A223} = {A93D14BE-90E0-36B2-308F-8E21D586BED4}
		{1AC95AD8-A97A-F8B5-DCE5-41F67DDD9C49} = {62D74B56-F69E-C8ED-4B8B-EFFB4314081A}
		{48F8A764-FEAA-44C8-8F0B-81656634C113} = {1AC95AD8-A97A-F8B5-DCE5-41F67DDD9C49}
		{AFAB5387-1376-43AF-8DD9-C8FB2C7E937E} = {1AC95AD8-A97A-F8B5-DCE5-41F67DDD9C49}
		{2D44B670-C003-EEE5-B139-1A51ACB5B1FD} = {FFA5DE37-A6CA-E843-5DCA-01E17CEED5F2}
		{D650B5EC-0798-4A2C-9C40-473406AD53D0} = {2D44B670-C003-EEE5-B139-1A51ACB5B1FD}
		{F597F9C8-AC17-FA6F-7579-EEB8E13C1F63} = {FFA5DE37-A6CA-E843-5DCA-01E17CEED5F2}
		{E80AFEB7-B8D3-4450-8E47-54E254A72581} = {F597F9C8-AC17-FA6F-7579-EEB8E13C1F63}
		{173F9253-7194-47E0-87E2-7DCB982826D5} = {F597F9C8-AC17-FA6F-7579-EEB8E13C1F63}
	EndGlobalSection
EndGlobal
